
Microsoft Visual Studio Solution File, Format Version 12.00
# Visual Studio Version 16
VisualStudioVersion = 16.0.34601.136
MinimumVisualStudioVersion = 10.0.40219.1
Project("{FAE04EC0-301F-11D3-BF4B-00C04F79EFBC}") = "Lab7Repaso3", "Lab7Repaso3\Lab7Repaso3.csproj", "{7675FF24-1F54-452C-B61A-7EE780B40376}"
EndProject
Global
	GlobalSection(SolutionConfigurationPlatforms) = preSolution
		Debug|Any CPU = Debug|Any CPU
		Release|Any CPU = Release|Any CPU
	EndGlobalSection
	GlobalSection(ProjectConfigurationPlatforms) = postSolution
		{7675FF24-1F54-452C-B61A-7EE780B40376}.Debug|Any CPU.ActiveCfg = Debug|Any CPU
		{7675FF24-1F54-452C-B61A-7EE780B40376}.Debug|Any CPU.Build.0 = Debug|Any CPU
		{7675FF24-1F54-452C-B61A-7EE780B40376}.Release|Any CPU.ActiveCfg = Release|Any CPU
		{7675FF24-1F54-452C-B61A-7EE780B40376}.Release|Any CPU.Build.0 = Release|Any CPU
	EndGlobalSection
	GlobalSection(SolutionProperties) = preSolution
		HideSolutionNode = FALSE
	EndGlobalSection
	GlobalSection(ExtensibilityGlobals) = postSolution
		SolutionGuid = {0DC64BFD-EFE1-421E-B0E8-F25CD7497268}
	EndGlobalSection
EndGlobal
